{
  "name": "create-honofly",
  "version": "0.1.0",
  "lockfileVersion": 3,
  "requires": true,
  "packages": {
    "": {
      "name": "create-honofly",
      "version": "0.1.0",
      "license": "MIT",
      "bin": {
        "create-honofly": "bin/create-honofly.js"
      },
      "engines": {
        "node": ">=18.0.0"
      }
    }
  }
}
