{
  "name": "honofly",
  "version": "2.2.1",
  "lockfileVersion": 3,
  "requires": true,
  "packages": {
    "": {
      "name": "honofly",
      "version": "2.2.1",
      "license": "MIT",
      "bin": {
        "honofly": "bin/create-honofly.js"
      },
      "engines": {
        "node": ">=18.0.0"
      }
    }
  }
}
